// !$*UTF8*$!
{
	archiveVersion = 1;
	classes = {
	};
	objectVersion = 55;
	objects = {

/* Begin PBXBuildFile section */
		27D3165D2805555B00207E9C /* AppDelegate.swift in Sources */ = {isa = PBXBuildFile; fileRef = 27D3165C2805555B00207E9C /* AppDelegate.swift */; };
		27D3165F2805555B00207E9C /* SceneDelegate.swift in Sources */ = {isa = PBXBuildFile; fileRef = 27D3165E2805555B00207E9C /* SceneDelegate.swift */; };
		27D316612805555B00207E9C /* ViewController.swift in Sources */ = {isa = PBXBuildFile; fileRef = 27D316602805555B00207E9C /* ViewController.swift */; };
		27D316642805555B00207E9C /* Main.storyboard in Resources */ = {isa = PBXBuildFile; fileRef = 27D316622805555B00207E9C /* Main.storyboard */; };
		27D316662805555D00207E9C /* Assets.xcassets in Resources */ = {isa = PBXBuildFile; fileRef = 27D316652805555D00207E9C /* Assets.xcassets */; };
		27D316692805555D00207E9C /* LaunchScreen.storyboard in Resources */ = {isa = PBXBuildFile; fileRef = 27D316672805555D00207E9C /* LaunchScreen.storyboard */; };
		27D316742805555D00207E9C /* BillPayPodTestingTests.swift in Sources */ = {isa = PBXBuildFile; fileRef = 27D316732805555D00207E9C /* BillPayPodTestingTests.swift */; };
		27D3167E2805555D00207E9C /* BillPayPodTestingUITests.swift in Sources */ = {isa = PBXBuildFile; fileRef = 27D3167D2805555D00207E9C /* BillPayPodTestingUITests.swift */; };
		27D316802805555D00207E9C /* BillPayPodTestingUITestsLaunchTests.swift in Sources */ = {isa = PBXBuildFile; fileRef = 27D3167F2805555D00207E9C /* BillPayPodTestingUITestsLaunchTests.swift */; };
		563C6A9705525282554B68C5 /* Pods_BillPayPodTesting.framework in Frameworks */ = {isa = PBXBuildFile; fileRef = CDE2E013F2D0F262842C37A0 /* Pods_BillPayPodTesting.framework */; };
		6D022A9F4C164B355C91FCA5 /* Pods_BillPayPodTestingTests.framework in Frameworks */ = {isa = PBXBuildFile; fileRef = 47267D75D4D76CF0CEC449C1 /* Pods_BillPayPodTestingTests.framework */; };
		E26C046C25F1FEBCBEF0BA70 /* Pods_BillPayPodTesting_BillPayPodTestingUITests.framework in Frameworks */ = {isa = PBXBuildFile; fileRef = 1E29AACBF8F0DB66D08F201D /* Pods_BillPayPodTesting_BillPayPodTestingUITests.framework */; };
/* End PBXBuildFile section */

/* Begin PBXContainerItemProxy section */
		27D316702805555D00207E9C /* PBXContainerItemProxy */ = {
			isa = PBXContainerItemProxy;
			containerPortal = 27D316512805555A00207E9C /* Project object */;
			proxyType = 1;
			remoteGlobalIDString = 27D316582805555B00207E9C;
			remoteInfo = BillPayPodTesting;
		};
		27D3167A2805555D00207E9C /* PBXContainerItemProxy */ = {
			isa = PBXContainerItemProxy;
			containerPortal = 27D316512805555A00207E9C /* Project object */;
			proxyType = 1;
			remoteGlobalIDString = 27D316582805555B00207E9C;
			remoteInfo = BillPayPodTesting;
		};
/* End PBXContainerItemProxy section */

/* Begin PBXFileReference section */
		1AE8551CBD7A93656F60626A /* Pods-BillPayPodTesting-BillPayPodTestingUITests.debug.xcconfig */ = {isa = PBXFileReference; includeInIndex = 1; lastKnownFileType = text.xcconfig; name = "Pods-BillPayPodTesting-BillPayPodTestingUITests.debug.xcconfig"; path = "Target Support Files/Pods-BillPayPodTesting-BillPayPodTestingUITests/Pods-BillPayPodTesting-BillPayPodTestingUITests.debug.xcconfig"; sourceTree = "<group>"; };
		1E29AACBF8F0DB66D08F201D /* Pods_BillPayPodTesting_BillPayPodTestingUITests.framework */ = {isa = PBXFileReference; explicitFileType = wrapper.framework; includeInIndex = 0; path = Pods_BillPayPodTesting_BillPayPodTestingUITests.framework; sourceTree = BUILT_PRODUCTS_DIR; };
		24FAACF0C5FD886AEE9FF761 /* Pods-BillPayPodTestingTests.release.xcconfig */ = {isa = PBXFileReference; includeInIndex = 1; lastKnownFileType = text.xcconfig; name = "Pods-BillPayPodTestingTests.release.xcconfig"; path = "Target Support Files/Pods-BillPayPodTestingTests/Pods-BillPayPodTestingTests.release.xcconfig"; sourceTree = "<group>"; };
		27D316592805555B00207E9C /* BillPayPodTesting.app */ = {isa = PBXFileReference; explicitFileType = wrapper.application; includeInIndex = 0; path = BillPayPodTesting.app; sourceTree = BUILT_PRODUCTS_DIR; };
		27D3165C2805555B00207E9C /* AppDelegate.swift */ = {isa = PBXFileReference; lastKnownFileType = sourcecode.swift; path = AppDelegate.swift; sourceTree = "<group>"; };
		27D3165E2805555B00207E9C /* SceneDelegate.swift */ = {isa = PBXFileReference; lastKnownFileType = sourcecode.swift; path = SceneDelegate.swift; sourceTree = "<group>"; };
		27D316602805555B00207E9C /* ViewController.swift */ = {isa = PBXFileReference; lastKnownFileType = sourcecode.swift; path = ViewController.swift; sourceTree = "<group>"; };
		27D316632805555B00207E9C /* Base */ = {isa = PBXFileReference; lastKnownFileType = file.storyboard; name = Base; path = Base.lproj/Main.storyboard; sourceTree = "<group>"; };
		27D316652805555D00207E9C /* Assets.xcassets */ = {isa = PBXFileReference; lastKnownFileType = folder.assetcatalog; path = Assets.xcassets; sourceTree = "<group>"; };
		27D316682805555D00207E9C /* Base */ = {isa = PBXFileReference; lastKnownFileType = file.storyboard; name = Base; path = Base.lproj/LaunchScreen.storyboard; sourceTree = "<group>"; };
		27D3166A2805555D00207E9C /* Info.plist */ = {isa = PBXFileReference; lastKnownFileType = text.plist.xml; path = Info.plist; sourceTree = "<group>"; };
		27D3166F2805555D00207E9C /* BillPayPodTestingTests.xctest */ = {isa = PBXFileReference; explicitFileType = wrapper.cfbundle; includeInIndex = 0; path = BillPayPodTestingTests.xctest; sourceTree = BUILT_PRODUCTS_DIR; };
		27D316732805555D00207E9C /* BillPayPodTestingTests.swift */ = {isa = PBXFileReference; lastKnownFileType = sourcecode.swift; path = BillPayPodTestingTests.swift; sourceTree = "<group>"; };
		27D316792805555D00207E9C /* BillPayPodTestingUITests.xctest */ = {isa = PBXFileReference; explicitFileType = wrapper.cfbundle; includeInIndex = 0; path = BillPayPodTestingUITests.xctest; sourceTree = BUILT_PRODUCTS_DIR; };
		27D3167D2805555D00207E9C /* BillPayPodTestingUITests.swift */ = {isa = PBXFileReference; lastKnownFileType = sourcecode.swift; path = BillPayPodTestingUITests.swift; sourceTree = "<group>"; };
		27D3167F2805555D00207E9C /* BillPayPodTestingUITestsLaunchTests.swift */ = {isa = PBXFileReference; lastKnownFileType = sourcecode.swift; path = BillPayPodTestingUITestsLaunchTests.swift; sourceTree = "<group>"; };
		47267D75D4D76CF0CEC449C1 /* Pods_BillPayPodTestingTests.framework */ = {isa = PBXFileReference; explicitFileType = wrapper.framework; includeInIndex = 0; path = Pods_BillPayPodTestingTests.framework; sourceTree = BUILT_PRODUCTS_DIR; };
		615B1CC8B45A6B3707AFDE49 /* Pods-BillPayPodTesting-BillPayPodTestingUITests.release.xcconfig */ = {isa = PBXFileReference; includeInIndex = 1; lastKnownFileType = text.xcconfig; name = "Pods-BillPayPodTesting-BillPayPodTestingUITests.release.xcconfig"; path = "Target Support Files/Pods-BillPayPodTesting-BillPayPodTestingUITests/Pods-BillPayPodTesting-BillPayPodTestingUITests.release.xcconfig"; sourceTree = "<group>"; };
		9E45B6C82A417AE1302080CC /* Pods-BillPayPodTestingTests.debug.xcconfig */ = {isa = PBXFileReference; includeInIndex = 1; lastKnownFileType = text.xcconfig; name = "Pods-BillPayPodTestingTests.debug.xcconfig"; path = "Target Support Files/Pods-BillPayPodTestingTests/Pods-BillPayPodTestingTests.debug.xcconfig"; sourceTree = "<group>"; };
		CDE2E013F2D0F262842C37A0 /* Pods_BillPayPodTesting.framework */ = {isa = PBXFileReference; explicitFileType = wrapper.framework; includeInIndex = 0; path = Pods_BillPayPodTesting.framework; sourceTree = BUILT_PRODUCTS_DIR; };
		E33E6FC2483095E35B46990C /* Pods-BillPayPodTesting.release.xcconfig */ = {isa = PBXFileReference; includeInIndex = 1; lastKnownFileType = text.xcconfig; name = "Pods-BillPayPodTesting.release.xcconfig"; path = "Target Support Files/Pods-BillPayPodTesting/Pods-BillPayPodTesting.release.xcconfig"; sourceTree = "<group>"; };
		EE1517DC6FD2A70A9B096F8F /* Pods-BillPayPodTesting.debug.xcconfig */ = {isa = PBXFileReference; includeInIndex = 1; lastKnownFileType = text.xcconfig; name = "Pods-BillPayPodTesting.debug.xcconfig"; path = "Target Support Files/Pods-BillPayPodTesting/Pods-BillPayPodTesting.debug.xcconfig"; sourceTree = "<group>"; };
/* End PBXFileReference section */

/* Begin PBXFrameworksBuildPhase section */
		27D316562805555B00207E9C /* Frameworks */ = {
			isa = PBXFrameworksBuildPhase;
			buildActionMask = 2147483647;
			files = (
				563C6A9705525282554B68C5 /* Pods_BillPayPodTesting.framework in Frameworks */,
			);
			runOnlyForDeploymentPostprocessing = 0;
		};
		27D3166C2805555D00207E9C /* Frameworks */ = {
			isa = PBXFrameworksBuildPhase;
			buildActionMask = 2147483647;
			files = (
				6D022A9F4C164B355C91FCA5 /* Pods_BillPayPodTestingTests.framework in Frameworks */,
			);
			runOnlyForDeploymentPostprocessing = 0;
		};
		27D316762805555D00207E9C /* Frameworks */ = {
			isa = PBXFrameworksBuildPhase;
			buildActionMask = 2147483647;
			files = (
				E26C046C25F1FEBCBEF0BA70 /* Pods_BillPayPodTesting_BillPayPodTestingUITests.framework in Frameworks */,
			);
			runOnlyForDeploymentPostprocessing = 0;
		};
/* End PBXFrameworksBuildPhase section */

/* Begin PBXGroup section */
		1F123173010B6DF0172C9A73 /* Frameworks */ = {
			isa = PBXGroup;
			children = (
				CDE2E013F2D0F262842C37A0 /* Pods_BillPayPodTesting.framework */,
				1E29AACBF8F0DB66D08F201D /* Pods_BillPayPodTesting_BillPayPodTestingUITests.framework */,
				47267D75D4D76CF0CEC449C1 /* Pods_BillPayPodTestingTests.framework */,
			);
			name = Frameworks;
			sourceTree = "<group>";
		};
		27D316502805555A00207E9C = {
			isa = PBXGroup;
			children = (
				27D3165B2805555B00207E9C /* BillPayPodTesting */,
				27D316722805555D00207E9C /* BillPayPodTestingTests */,
				27D3167C2805555D00207E9C /* BillPayPodTestingUITests */,
				27D3165A2805555B00207E9C /* Products */,
				471E96BB4432D5835F54E807 /* Pods */,
				1F123173010B6DF0172C9A73 /* Frameworks */,
			);
			sourceTree = "<group>";
		};
		27D3165A2805555B00207E9C /* Products */ = {
			isa = PBXGroup;
			children = (
				27D316592805555B00207E9C /* BillPayPodTesting.app */,
				27D3166F2805555D00207E9C /* BillPayPodTestingTests.xctest */,
				27D316792805555D00207E9C /* BillPayPodTestingUITests.xctest */,
			);
			name = Products;
			sourceTree = "<group>";
		};
		27D3165B2805555B00207E9C /* BillPayPodTesting */ = {
			isa = PBXGroup;
			children = (
				27D3165C2805555B00207E9C /* AppDelegate.swift */,
				27D3165E2805555B00207E9C /* SceneDelegate.swift */,
				27D316602805555B00207E9C /* ViewController.swift */,
				27D316622805555B00207E9C /* Main.storyboard */,
				27D316652805555D00207E9C /* Assets.xcassets */,
				27D316672805555D00207E9C /* LaunchScreen.storyboard */,
				27D3166A2805555D00207E9C /* Info.plist */,
			);
			path = BillPayPodTesting;
			sourceTree = "<group>";
		};
		27D316722805555D00207E9C /* BillPayPodTestingTests */ = {
			isa = PBXGroup;
			children = (
				27D316732805555D00207E9C /* BillPayPodTestingTests.swift */,
			);
			path = BillPayPodTestingTests;
			sourceTree = "<group>";
		};
		27D3167C2805555D00207E9C /* BillPayPodTestingUITests */ = {
			isa = PBXGroup;
			children = (
				27D3167D2805555D00207E9C /* BillPayPodTestingUITests.swift */,
				27D3167F2805555D00207E9C /* BillPayPodTestingUITestsLaunchTests.swift */,
			);
			path = BillPayPodTestingUITests;
			sourceTree = "<group>";
		};
		471E96BB4432D5835F54E807 /* Pods */ = {
			isa = PBXGroup;
			children = (
				EE1517DC6FD2A70A9B096F8F /* Pods-BillPayPodTesting.debug.xcconfig */,
				E33E6FC2483095E35B46990C /* Pods-BillPayPodTesting.release.xcconfig */,
				1AE8551CBD7A93656F60626A /* Pods-BillPayPodTesting-BillPayPodTestingUITests.debug.xcconfig */,
				615B1CC8B45A6B3707AFDE49 /* Pods-BillPayPodTesting-BillPayPodTestingUITests.release.xcconfig */,
				9E45B6C82A417AE1302080CC /* Pods-BillPayPodTestingTests.debug.xcconfig */,
				24FAACF0C5FD886AEE9FF761 /* Pods-BillPayPodTestingTests.release.xcconfig */,
			);
			name = Pods;
			path = Pods;
			sourceTree = "<group>";
		};
/* End PBXGroup section */

/* Begin PBXNativeTarget section */
		27D316582805555B00207E9C /* BillPayPodTesting */ = {
			isa = PBXNativeTarget;
			buildConfigurationList = 27D316832805555D00207E9C /* Build configuration list for PBXNativeTarget "BillPayPodTesting" */;
			buildPhases = (
				8A6F9E6F6D5D57A08E9B8D82 /* [CP] Check Pods Manifest.lock */,
				27D316552805555B00207E9C /* Sources */,
				27D316562805555B00207E9C /* Frameworks */,
				27D316572805555B00207E9C /* Resources */,
				B5BB33E6D86BA79B0B0F40AE /* [CP] Embed Pods Frameworks */,
			);
			buildRules = (
			);
			dependencies = (
			);
			name = BillPayPodTesting;
			productName = BillPayPodTesting;
			productReference = 27D316592805555B00207E9C /* BillPayPodTesting.app */;
			productType = "com.apple.product-type.application";
		};
		27D3166E2805555D00207E9C /* BillPayPodTestingTests */ = {
			isa = PBXNativeTarget;
			buildConfigurationList = 27D316862805555D00207E9C /* Build configuration list for PBXNativeTarget "BillPayPodTestingTests" */;
			buildPhases = (
				C180C5F2737D066A100DC6F1 /* [CP] Check Pods Manifest.lock */,
				27D3166B2805555D00207E9C /* Sources */,
				27D3166C2805555D00207E9C /* Frameworks */,
				27D3166D2805555D00207E9C /* Resources */,
			);
			buildRules = (
			);
			dependencies = (
				27D316712805555D00207E9C /* PBXTargetDependency */,
			);
			name = BillPayPodTestingTests;
			productName = BillPayPodTestingTests;
			productReference = 27D3166F2805555D00207E9C /* BillPayPodTestingTests.xctest */;
			productType = "com.apple.product-type.bundle.unit-test";
		};
		27D316782805555D00207E9C /* BillPayPodTestingUITests */ = {
			isa = PBXNativeTarget;
			buildConfigurationList = 27D316892805555D00207E9C /* Build configuration list for PBXNativeTarget "BillPayPodTestingUITests" */;
			buildPhases = (
				F929CE40EB362CF618ACED52 /* [CP] Check Pods Manifest.lock */,
				27D316752805555D00207E9C /* Sources */,
				27D316762805555D00207E9C /* Frameworks */,
				27D316772805555D00207E9C /* Resources */,
				B34865C437A8EFE845FE3F6D /* [CP] Embed Pods Frameworks */,
			);
			buildRules = (
			);
			dependencies = (
				27D3167B2805555D00207E9C /* PBXTargetDependency */,
			);
			name = BillPayPodTestingUITests;
			productName = BillPayPodTestingUITests;
			productReference = 27D316792805555D00207E9C /* BillPayPodTestingUITests.xctest */;
			productType = "com.apple.product-type.bundle.ui-testing";
		};
/* End PBXNativeTarget section */

/* Begin PBXProject section */
		27D316512805555A00207E9C /* Project object */ = {
			isa = PBXProject;
			attributes = {
				BuildIndependentTargetsInParallel = 1;
				LastSwiftUpdateCheck = 1320;
				LastUpgradeCheck = 1320;
				TargetAttributes = {
					27D316582805555B00207E9C = {
						CreatedOnToolsVersion = 13.2.1;
					};
					27D3166E2805555D00207E9C = {
						CreatedOnToolsVersion = 13.2.1;
						TestTargetID = 27D316582805555B00207E9C;
					};
					27D316782805555D00207E9C = {
						CreatedOnToolsVersion = 13.2.1;
						TestTargetID = 27D316582805555B00207E9C;
					};
				};
			};
			buildConfigurationList = 27D316542805555A00207E9C /* Build configuration list for PBXProject "BillPayPodTesting" */;
			compatibilityVersion = "Xcode 13.0";
			developmentRegion = en;
			hasScannedForEncodings = 0;
			knownRegions = (
				en,
				Base,
			);
			mainGroup = 27D316502805555A00207E9C;
			productRefGroup = 27D3165A2805555B00207E9C /* Products */;
			projectDirPath = "";
			projectRoot = "";
			targets = (
				27D316582805555B00207E9C /* BillPayPodTesting */,
				27D3166E2805555D00207E9C /* BillPayPodTestingTests */,
				27D316782805555D00207E9C /* BillPayPodTestingUITests */,
			);
		};
/* End PBXProject section */

/* Begin PBXResourcesBuildPhase section */
		27D316572805555B00207E9C /* Resources */ = {
			isa = PBXResourcesBuildPhase;
			buildActionMask = 2147483647;
			files = (
				27D316692805555D00207E9C /* LaunchScreen.storyboard in Resources */,
				27D316662805555D00207E9C /* Assets.xcassets in Resources */,
				27D316642805555B00207E9C /* Main.storyboard in Resources */,
			);
			runOnlyForDeploymentPostprocessing = 0;
		};
		27D3166D2805555D00207E9C /* Resources */ = {
			isa = PBXResourcesBuildPhase;
			buildActionMask = 2147483647;
			files = (
			);
			runOnlyForDeploymentPostprocessing = 0;
		};
		27D316772805555D00207E9C /* Resources */ = {
			isa = PBXResourcesBuildPhase;
			buildActionMask = 2147483647;
			files = (
			);
			runOnlyForDeploymentPostprocessing = 0;
		};
/* End PBXResourcesBuildPhase section */

/* Begin PBXShellScriptBuildPhase section */
		8A6F9E6F6D5D57A08E9B8D82 /* [CP] Check Pods Manifest.lock */ = {
			isa = PBXShellScriptBuildPhase;
			buildActionMask = 2147483647;
			files = (
			);
			inputFileListPaths = (
			);
			inputPaths = (
				"${PODS_PODFILE_DIR_PATH}/Podfile.lock",
				"${PODS_ROOT}/Manifest.lock",
			);
			name = "[CP] Check Pods Manifest.lock";
			outputFileListPaths = (
			);
			outputPaths = (
				"$(DERIVED_FILE_DIR)/Pods-BillPayPodTesting-checkManifestLockResult.txt",
			);
			runOnlyForDeploymentPostprocessing = 0;
			shellPath = /bin/sh;
			shellScript = "diff \"${PODS_PODFILE_DIR_PATH}/Podfile.lock\" \"${PODS_ROOT}/Manifest.lock\" > /dev/null\nif [ $? != 0 ] ; then\n    # print error to STDERR\n    echo \"error: The sandbox is not in sync with the Podfile.lock. Run 'pod install' or update your CocoaPods installation.\" >&2\n    exit 1\nfi\n# This output is used by Xcode 'outputs' to avoid re-running this script phase.\necho \"SUCCESS\" > \"${SCRIPT_OUTPUT_FILE_0}\"\n";
			showEnvVarsInLog = 0;
		};
		B34865C437A8EFE845FE3F6D /* [CP] Embed Pods Frameworks */ = {
			isa = PBXShellScriptBuildPhase;
			buildActionMask = 2147483647;
			files = (
			);
			inputFileListPaths = (
				"${PODS_ROOT}/Target Support Files/Pods-BillPayPodTesting-BillPayPodTestingUITests/Pods-BillPayPodTesting-BillPayPodTestingUITests-frameworks-${CONFIGURATION}-input-files.xcfilelist",
			);
			name = "[CP] Embed Pods Frameworks";
			outputFileListPaths = (
				"${PODS_ROOT}/Target Support Files/Pods-BillPayPodTesting-BillPayPodTestingUITests/Pods-BillPayPodTesting-BillPayPodTestingUITests-frameworks-${CONFIGURATION}-output-files.xcfilelist",
			);
			runOnlyForDeploymentPostprocessing = 0;
			shellPath = /bin/sh;
			shellScript = "\"${PODS_ROOT}/Target Support Files/Pods-BillPayPodTesting-BillPayPodTestingUITests/Pods-BillPayPodTesting-BillPayPodTestingUITests-frameworks.sh\"\n";
			showEnvVarsInLog = 0;
		};
		B5BB33E6D86BA79B0B0F40AE /* [CP] Embed Pods Frameworks */ = {
			isa = PBXShellScriptBuildPhase;
			buildActionMask = 2147483647;
			files = (
			);
			inputFileListPaths = (
				"${PODS_ROOT}/Target Support Files/Pods-BillPayPodTesting/Pods-BillPayPodTesting-frameworks-${CONFIGURATION}-input-files.xcfilelist",
			);
			name = "[CP] Embed Pods Frameworks";
			outputFileListPaths = (
				"${PODS_ROOT}/Target Support Files/Pods-BillPayPodTesting/Pods-BillPayPodTesting-frameworks-${CONFIGURATION}-output-files.xcfilelist",
			);
			runOnlyForDeploymentPostprocessing = 0;
			shellPath = /bin/sh;
			shellScript = "\"${PODS_ROOT}/Target Support Files/Pods-BillPayPodTesting/Pods-BillPayPodTesting-frameworks.sh\"\n";
			showEnvVarsInLog = 0;
		};
		C180C5F2737D066A100DC6F1 /* [CP] Check Pods Manifest.lock */ = {
			isa = PBXShellScriptBuildPhase;
			buildActionMask = 2147483647;
			files = (
			);
			inputFileListPaths = (
			);
			inputPaths = (
				"${PODS_PODFILE_DIR_PATH}/Podfile.lock",
				"${PODS_ROOT}/Manifest.lock",
			);
			name = "[CP] Check Pods Manifest.lock";
			outputFileListPaths = (
			);
			outputPaths = (
				"$(DERIVED_FILE_DIR)/Pods-BillPayPodTestingTests-checkManifestLockResult.txt",
			);
			runOnlyForDeploymentPostprocessing = 0;
			shellPath = /bin/sh;
			shellScript = "diff \"${PODS_PODFILE_DIR_PATH}/Podfile.lock\" \"${PODS_ROOT}/Manifest.lock\" > /dev/null\nif [ $? != 0 ] ; then\n    # print error to STDERR\n    echo \"error: The sandbox is not in sync with the Podfile.lock. Run 'pod install' or update your CocoaPods installation.\" >&2\n    exit 1\nfi\n# This output is used by Xcode 'outputs' to avoid re-running this script phase.\necho \"SUCCESS\" > \"${SCRIPT_OUTPUT_FILE_0}\"\n";
			showEnvVarsInLog = 0;
		};
		F929CE40EB362CF618ACED52 /* [CP] Check Pods Manifest.lock */ = {
			isa = PBXShellScriptBuildPhase;
			buildActionMask = 2147483647;
			files = (
			);
			inputFileListPaths = (
			);
			inputPaths = (
				"${PODS_PODFILE_DIR_PATH}/Podfile.lock",
				"${PODS_ROOT}/Manifest.lock",
			);
			name = "[CP] Check Pods Manifest.lock";
			outputFileListPaths = (
			);
			outputPaths = (
				"$(DERIVED_FILE_DIR)/Pods-BillPayPodTesting-BillPayPodTestingUITests-checkManifestLockResult.txt",
			);
			runOnlyForDeploymentPostprocessing = 0;
			shellPath = /bin/sh;
			shellScript = "diff \"${PODS_PODFILE_DIR_PATH}/Podfile.lock\" \"${PODS_ROOT}/Manifest.lock\" > /dev/null\nif [ $? != 0 ] ; then\n    # print error to STDERR\n    echo \"error: The sandbox is not in sync with the Podfile.lock. Run 'pod install' or update your CocoaPods installation.\" >&2\n    exit 1\nfi\n# This output is used by Xcode 'outputs' to avoid re-running this script phase.\necho \"SUCCESS\" > \"${SCRIPT_OUTPUT_FILE_0}\"\n";
			showEnvVarsInLog = 0;
		};
/* End PBXShellScriptBuildPhase section */

/* Begin PBXSourcesBuildPhase section */
		27D316552805555B00207E9C /* Sources */ = {
			isa = PBXSourcesBuildPhase;
			buildActionMask = 2147483647;
			files = (
				27D316612805555B00207E9C /* ViewController.swift in Sources */,
				27D3165D2805555B00207E9C /* AppDelegate.swift in Sources */,
				27D3165F2805555B00207E9C /* SceneDelegate.swift in Sources */,
			);
			runOnlyForDeploymentPostprocessing = 0;
		};
		27D3166B2805555D00207E9C /* Sources */ = {
			isa = PBXSourcesBuildPhase;
			buildActionMask = 2147483647;
			files = (
				27D316742805555D00207E9C /* BillPayPodTestingTests.swift in Sources */,
			);
			runOnlyForDeploymentPostprocessing = 0;
		};
		27D316752805555D00207E9C /* Sources */ = {
			isa = PBXSourcesBuildPhase;
			buildActionMask = 2147483647;
			files = (
				27D3167E2805555D00207E9C /* BillPayPodTestingUITests.swift in Sources */,
				27D316802805555D00207E9C /* BillPayPodTestingUITestsLaunchTests.swift in Sources */,
			);
			runOnlyForDeploymentPostprocessing = 0;
		};
/* End PBXSourcesBuildPhase section */

/* Begin PBXTargetDependency section */
		27D316712805555D00207E9C /* PBXTargetDependency */ = {
			isa = PBXTargetDependency;
			target = 27D316582805555B00207E9C /* BillPayPodTesting */;
			targetProxy = 27D316702805555D00207E9C /* PBXContainerItemProxy */;
		};
		27D3167B2805555D00207E9C /* PBXTargetDependency */ = {
			isa = PBXTargetDependency;
			target = 27D316582805555B00207E9C /* BillPayPodTesting */;
			targetProxy = 27D3167A2805555D00207E9C /* PBXContainerItemProxy */;
		};
/* End PBXTargetDependency section */

/* Begin PBXVariantGroup section */
		27D316622805555B00207E9C /* Main.storyboard */ = {
			isa = PBXVariantGroup;
			children = (
				27D316632805555B00207E9C /* Base */,
			);
			name = Main.storyboard;
			sourceTree = "<group>";
		};
		27D316672805555D00207E9C /* LaunchScreen.storyboard */ = {
			isa = PBXVariantGroup;
			children = (
				27D316682805555D00207E9C /* Base */,
			);
			name = LaunchScreen.storyboard;
			sourceTree = "<group>";
		};
/* End PBXVariantGroup section */

/* Begin XCBuildConfiguration section */
		27D316812805555D00207E9C /* Debug */ = {
			isa = XCBuildConfiguration;
			buildSettings = {
				ALWAYS_SEARCH_USER_PATHS = NO;
				CLANG_ANALYZER_NONNULL = YES;
				CLANG_ANALYZER_NUMBER_OBJECT_CONVERSION = YES_AGGRESSIVE;
				CLANG_CXX_LANGUAGE_STANDARD = "gnu++17";
				CLANG_CXX_LIBRARY = "libc++";
				CLANG_ENABLE_MODULES = YES;
				CLANG_ENABLE_OBJC_ARC = YES;
				CLANG_ENABLE_OBJC_WEAK = YES;
				CLANG_WARN_BLOCK_CAPTURE_AUTORELEASING = YES;
				CLANG_WARN_BOOL_CONVERSION = YES;
				CLANG_WARN_COMMA = YES;
				CLANG_WARN_CONSTANT_CONVERSION = YES;
				CLANG_WARN_DEPRECATED_OBJC_IMPLEMENTATIONS = YES;
				CLANG_WARN_DIRECT_OBJC_ISA_USAGE = YES_ERROR;
				CLANG_WARN_DOCUMENTATION_COMMENTS = YES;
				CLANG_WARN_EMPTY_BODY = YES;
				CLANG_WARN_ENUM_CONVERSION = YES;
				CLANG_WARN_INFINITE_RECURSION = YES;
				CLANG_WARN_INT_CONVERSION = YES;
				CLANG_WARN_NON_LITERAL_NULL_CONVERSION = YES;
				CLANG_WARN_OBJC_IMPLICIT_RETAIN_SELF = YES;
				CLANG_WARN_OBJC_LITERAL_CONVERSION = YES;
				CLANG_WARN_OBJC_ROOT_CLASS = YES_ERROR;
				CLANG_WARN_QUOTED_INCLUDE_IN_FRAMEWORK_HEADER = YES;
				CLANG_WARN_RANGE_LOOP_ANALYSIS = YES;
				CLANG_WARN_STRICT_PROTOTYPES = YES;
				CLANG_WARN_SUSPICIOUS_MOVE = YES;
				CLANG_WARN_UNGUARDED_AVAILABILITY = YES_AGGRESSIVE;
				CLANG_WARN_UNREACHABLE_CODE = YES;
				CLANG_WARN__DUPLICATE_METHOD_MATCH = YES;
				COPY_PHASE_STRIP = NO;
				DEBUG_INFORMATION_FORMAT = dwarf;
				ENABLE_STRICT_OBJC_MSGSEND = YES;
				ENABLE_TESTABILITY = YES;
				GCC_C_LANGUAGE_STANDARD = gnu11;
				GCC_DYNAMIC_NO_PIC = NO;
				GCC_NO_COMMON_BLOCKS = YES;
				GCC_OPTIMIZATION_LEVEL = 0;
				GCC_PREPROCESSOR_DEFINITIONS = (
					"DEBUG=1",
					"$(inherited)",
				);
				GCC_WARN_64_TO_32_BIT_CONVERSION = YES;
				GCC_WARN_ABOUT_RETURN_TYPE = YES_ERROR;
				GCC_WARN_UNDECLARED_SELECTOR = YES;
				GCC_WARN_UNINITIALIZED_AUTOS = YES_AGGRESSIVE;
				GCC_WARN_UNUSED_FUNCTION = YES;
				GCC_WARN_UNUSED_VARIABLE = YES;
				IPHONEOS_DEPLOYMENT_TARGET = 15.2;
				MTL_ENABLE_DEBUG_INFO = INCLUDE_SOURCE;
				MTL_FAST_MATH = YES;
				ONLY_ACTIVE_ARCH = YES;
				SDKROOT = iphoneos;
				SWIFT_ACTIVE_COMPILATION_CONDITIONS = DEBUG;
				SWIFT_OPTIMIZATION_LEVEL = "-Onone";
			};
			name = Debug;
		};
		27D316822805555D00207E9C /* Release */ = {
			isa = XCBuildConfiguration;
			buildSettings = {
				ALWAYS_SEARCH_USER_PATHS = NO;
				CLANG_ANALYZER_NONNULL = YES;
				CLANG_ANALYZER_NUMBER_OBJECT_CONVERSION = YES_AGGRESSIVE;
				CLANG_CXX_LANGUAGE_STANDARD = "gnu++17";
				CLANG_CXX_LIBRARY = "libc++";
				CLANG_ENABLE_MODULES = YES;
				CLANG_ENABLE_OBJC_ARC = YES;
				CLANG_ENABLE_OBJC_WEAK = YES;
				CLANG_WARN_BLOCK_CAPTURE_AUTORELEASING = YES;
				CLANG_WARN_BOOL_CONVERSION = YES;
				CLANG_WARN_COMMA = YES;
				CLANG_WARN_CONSTANT_CONVERSION = YES;
				CLANG_WARN_DEPRECATED_OBJC_IMPLEMENTATIONS = YES;
				CLANG_WARN_DIRECT_OBJC_ISA_USAGE = YES_ERROR;
				CLANG_WARN_DOCUMENTATION_COMMENTS = YES;
				CLANG_WARN_EMPTY_BODY = YES;
				CLANG_WARN_ENUM_CONVERSION = YES;
				CLANG_WARN_INFINITE_RECURSION = YES;
				CLANG_WARN_INT_CONVERSION = YES;
				CLANG_WARN_NON_LITERAL_NULL_CONVERSION = YES;
				CLANG_WARN_OBJC_IMPLICIT_RETAIN_SELF = YES;
				CLANG_WARN_OBJC_LITERAL_CONVERSION = YES;
				CLANG_WARN_OBJC_ROOT_CLASS = YES_ERROR;
				CLANG_WARN_QUOTED_INCLUDE_IN_FRAMEWORK_HEADER = YES;
				CLANG_WARN_RANGE_LOOP_ANALYSIS = YES;
				CLANG_WARN_STRICT_PROTOTYPES = YES;
				CLANG_WARN_SUSPICIOUS_MOVE = YES;
				CLANG_WARN_UNGUARDED_AVAILABILITY = YES_AGGRESSIVE;
				CLANG_WARN_UNREACHABLE_CODE = YES;
				CLANG_WARN__DUPLICATE_METHOD_MATCH = YES;
				COPY_PHASE_STRIP = NO;
				DEBUG_INFORMATION_FORMAT = "dwarf-with-dsym";
				ENABLE_NS_ASSERTIONS = NO;
				ENABLE_STRICT_OBJC_MSGSEND = YES;
				GCC_C_LANGUAGE_STANDARD = gnu11;
				GCC_NO_COMMON_BLOCKS = YES;
				GCC_WARN_64_TO_32_BIT_CONVERSION = YES;
				GCC_WARN_ABOUT_RETURN_TYPE = YES_ERROR;
				GCC_WARN_UNDECLARED_SELECTOR = YES;
				GCC_WARN_UNINITIALIZED_AUTOS = YES_AGGRESSIVE;
				GCC_WARN_UNUSED_FUNCTION = YES;
				GCC_WARN_UNUSED_VARIABLE = YES;
				IPHONEOS_DEPLOYMENT_TARGET = 15.2;
				MTL_ENABLE_DEBUG_INFO = NO;
				MTL_FAST_MATH = YES;
				SDKROOT = iphoneos;
				SWIFT_COMPILATION_MODE = wholemodule;
				SWIFT_OPTIMIZATION_LEVEL = "-O";
				VALIDATE_PRODUCT = YES;
			};
			name = Release;
		};
		27D316842805555D00207E9C /* Debug */ = {
			isa = XCBuildConfiguration;
			baseConfigurationReference = EE1517DC6FD2A70A9B096F8F /* Pods-BillPayPodTesting.debug.xcconfig */;
			buildSettings = {
				ASSETCATALOG_COMPILER_APPICON_NAME = AppIcon;
				ASSETCATALOG_COMPILER_GLOBAL_ACCENT_COLOR_NAME = AccentColor;
				CODE_SIGN_STYLE = Automatic;
				CURRENT_PROJECT_VERSION = 1;
				DEVELOPMENT_TEAM = SHY2KPUZRV;
				GENERATE_INFOPLIST_FILE = YES;
				INFOPLIST_FILE = BillPayPodTesting/Info.plist;
				INFOPLIST_KEY_UIApplicationSupportsIndirectInputEvents = YES;
				INFOPLIST_KEY_UILaunchStoryboardName = LaunchScreen;
				INFOPLIST_KEY_UIMainStoryboardFile = Main;
				INFOPLIST_KEY_UISupportedInterfaceOrientations_iPad = "UIInterfaceOrientationPortrait UIInterfaceOrientationPortraitUpsideDown UIInterfaceOrientationLandscapeLeft UIInterfaceOrientationLandscapeRight";
				INFOPLIST_KEY_UISupportedInterfaceOrientations_iPhone = "UIInterfaceOrientationPortrait UIInterfaceOrientationLandscapeLeft UIInterfaceOrientationLandscapeRight";
				LD_RUNPATH_SEARCH_PATHS = (
					"$(inherited)",
					"@executable_path/Frameworks",
				);
				MARKETING_VERSION = 1.0;
				PRODUCT_BUNDLE_IDENTIFIER = com.rk.BillPayPodTesting;
				PRODUCT_NAME = "$(TARGET_NAME)";
				SWIFT_EMIT_LOC_STRINGS = YES;
				SWIFT_VERSION = 5.0;
				TARGETED_DEVICE_FAMILY = "1,2";
			};
			name = Debug;
		};
		27D316852805555D00207E9C /* Release */ = {
			isa = XCBuildConfiguration;
			baseConfigurationReference = E33E6FC2483095E35B46990C /* Pods-BillPayPodTesting.release.xcconfig */;
			buildSettings = {
				ASSETCATALOG_COMPILER_APPICON_NAME = AppIcon;
				ASSETCATALOG_COMPILER_GLOBAL_ACCENT_COLOR_NAME = AccentColor;
				CODE_SIGN_STYLE = Automatic;
				CURRENT_PROJECT_VERSION = 1;
				DEVELOPMENT_TEAM = SHY2KPUZRV;
				GENERATE_INFOPLIST_FILE = YES;
				INFOPLIST_FILE = BillPayPodTesting/Info.plist;
				INFOPLIST_KEY_UIApplicationSupportsIndirectInputEvents = YES;
				INFOPLIST_KEY_UILaunchStoryboardName = LaunchScreen;
				INFOPLIST_KEY_UIMainStoryboardFile = Main;
				INFOPLIST_KEY_UISupportedInterfaceOrientations_iPad = "UIInterfaceOrientationPortrait UIInterfaceOrientationPortraitUpsideDown UIInterfaceOrientationLandscapeLeft UIInterfaceOrientationLandscapeRight";
				INFOPLIST_KEY_UISupportedInterfaceOrientations_iPhone = "UIInterfaceOrientationPortrait UIInterfaceOrientationLandscapeLeft UIInterfaceOrientationLandscapeRight";
				LD_RUNPATH_SEARCH_PATHS = (
					"$(inherited)",
					"@executable_path/Frameworks",
				);
				MARKETING_VERSION = 1.0;
				PRODUCT_BUNDLE_IDENTIFIER = com.rk.BillPayPodTesting;
				PRODUCT_NAME = "$(TARGET_NAME)";
				SWIFT_EMIT_LOC_STRINGS = YES;
				SWIFT_VERSION = 5.0;
				TARGETED_DEVICE_FAMILY = "1,2";
			};
			name = Release;
		};
		27D316872805555D00207E9C /* Debug */ = {
			isa = XCBuildConfiguration;
			baseConfigurationReference = 9E45B6C82A417AE1302080CC /* Pods-BillPayPodTestingTests.debug.xcconfig */;
			buildSettings = {
				ALWAYS_EMBED_SWIFT_STANDARD_LIBRARIES = YES;
				BUNDLE_LOADER = "$(TEST_HOST)";
				CODE_SIGN_STYLE = Automatic;
				CURRENT_PROJECT_VERSION = 1;
				DEVELOPMENT_TEAM = SHY2KPUZRV;
				GENERATE_INFOPLIST_FILE = YES;
				IPHONEOS_DEPLOYMENT_TARGET = 15.2;
				MARKETING_VERSION = 1.0;
				PRODUCT_BUNDLE_IDENTIFIER = com.rk.BillPayPodTestingTests;
				PRODUCT_NAME = "$(TARGET_NAME)";
				SWIFT_EMIT_LOC_STRINGS = NO;
				SWIFT_VERSION = 5.0;
				TARGETED_DEVICE_FAMILY = "1,2";
				TEST_HOST = "$(BUILT_PRODUCTS_DIR)/BillPayPodTesting.app/BillPayPodTesting";
			};
			name = Debug;
		};
		27D316882805555D00207E9C /* Release */ = {
			isa = XCBuildConfiguration;
			baseConfigurationReference = 24FAACF0C5FD886AEE9FF761 /* Pods-BillPayPodTestingTests.release.xcconfig */;
			buildSettings = {
				ALWAYS_EMBED_SWIFT_STANDARD_LIBRARIES = YES;
				BUNDLE_LOADER = "$(TEST_HOST)";
				CODE_SIGN_STYLE = Automatic;
				CURRENT_PROJECT_VERSION = 1;
				DEVELOPMENT_TEAM = SHY2KPUZRV;
				GENERATE_INFOPLIST_FILE = YES;
				IPHONEOS_DEPLOYMENT_TARGET = 15.2;
				MARKETING_VERSION = 1.0;
				PRODUCT_BUNDLE_IDENTIFIER = com.rk.BillPayPodTestingTests;
				PRODUCT_NAME = "$(TARGET_NAME)";
				SWIFT_EMIT_LOC_STRINGS = NO;
				SWIFT_VERSION = 5.0;
				TARGETED_DEVICE_FAMILY = "1,2";
				TEST_HOST = "$(BUILT_PRODUCTS_DIR)/BillPayPodTesting.app/BillPayPodTesting";
			};
			name = Release;
		};
		27D3168A2805555D00207E9C /* Debug */ = {
			isa = XCBuildConfiguration;
			baseConfigurationReference = 1AE8551CBD7A93656F60626A /* Pods-BillPayPodTesting-BillPayPodTestingUITests.debug.xcconfig */;
			buildSettings = {
				ALWAYS_EMBED_SWIFT_STANDARD_LIBRARIES = YES;
				CODE_SIGN_STYLE = Automatic;
				CURRENT_PROJECT_VERSION = 1;
				DEVELOPMENT_TEAM = SHY2KPUZRV;
				GENERATE_INFOPLIST_FILE = YES;
				MARKETING_VERSION = 1.0;
				PRODUCT_BUNDLE_IDENTIFIER = com.rk.BillPayPodTestingUITests;
				PRODUCT_NAME = "$(TARGET_NAME)";
				SWIFT_EMIT_LOC_STRINGS = NO;
				SWIFT_VERSION = 5.0;
				TARGETED_DEVICE_FAMILY = "1,2";
				TEST_TARGET_NAME = BillPayPodTesting;
			};
			name = Debug;
		};
		27D3168B2805555D00207E9C /* Release */ = {
			isa = XCBuildConfiguration;
			baseConfigurationReference = 615B1CC8B45A6B3707AFDE49 /* Pods-BillPayPodTesting-BillPayPodTestingUITests.release.xcconfig */;
			buildSettings = {
				ALWAYS_EMBED_SWIFT_STANDARD_LIBRARIES = YES;
				CODE_SIGN_STYLE = Automatic;
				CURRENT_PROJECT_VERSION = 1;
				DEVELOPMENT_TEAM = SHY2KPUZRV;
				GENERATE_INFOPLIST_FILE = YES;
				MARKETING_VERSION = 1.0;
				PRODUCT_BUNDLE_IDENTIFIER = com.rk.BillPayPodTestingUITests;
				PRODUCT_NAME = "$(TARGET_NAME)";
				SWIFT_EMIT_LOC_STRINGS = NO;
				SWIFT_VERSION = 5.0;
				TARGETED_DEVICE_FAMILY = "1,2";
				TEST_TARGET_NAME = BillPayPodTesting;
			};
			name = Release;
		};
/* End XCBuildConfiguration section */

/* Begin XCConfigurationList section */
		27D316542805555A00207E9C /* Build configuration list for PBXProject "BillPayPodTesting" */ = {
			isa = XCConfigurationList;
			buildConfigurations = (
				27D316812805555D00207E9C /* Debug */,
				27D316822805555D00207E9C /* Release */,
			);
			defaultConfigurationIsVisible = 0;
			defaultConfigurationName = Release;
		};
		27D316832805555D00207E9C /* Build configuration list for PBXNativeTarget "BillPayPodTesting" */ = {
			isa = XCConfigurationList;
			buildConfigurations = (
				27D316842805555D00207E9C /* Debug */,
				27D316852805555D00207E9C /* Release */,
			);
			defaultConfigurationIsVisible = 0;
			defaultConfigurationName = Release;
		};
		27D316862805555D00207E9C /* Build configuration list for PBXNativeTarget "BillPayPodTestingTests" */ = {
			isa = XCConfigurationList;
			buildConfigurations = (
				27D316872805555D00207E9C /* Debug */,
				27D316882805555D00207E9C /* Release */,
			);
			defaultConfigurationIsVisible = 0;
			defaultConfigurationName = Release;
		};
		27D316892805555D00207E9C /* Build configuration list for PBXNativeTarget "BillPayPodTestingUITests" */ = {
			isa = XCConfigurationList;
			buildConfigurations = (
				27D3168A2805555D00207E9C /* Debug */,
				27D3168B2805555D00207E9C /* Release */,
			);
			defaultConfigurationIsVisible = 0;
			defaultConfigurationName = Release;
		};
/* End XCConfigurationList section */
	};
	rootObject = 27D316512805555A00207E9C /* Project object */;
}
